
Microsoft Visual Studio Solution File, Format Version 12.00
# Visual Studio 14
VisualStudioVersion = 14.0.23107.0
MinimumVisualStudioVersion = 10.0.40219.1
Project("{FAE04EC0-301F-11D3-BF4B-00C04F79EFBC}") = "RedContactos.Droid", "RedContactos\RedContactos.Droid\RedContactos.Droid.csproj", "{C8D5A5D4-C8AE-43F5-922D-C7F2BEC47029}"
EndProject
Project("{FAE04EC0-301F-11D3-BF4B-00C04F79EFBC}") = "RedContactos.iOS", "RedContactos\RedContactos.iOS\RedContactos.iOS.csproj", "{75137918-048B-4250-9CFD-C0303B122DF1}"
EndProject
Project("{FAE04EC0-301F-11D3-BF4B-00C04F79EFBC}") = "RedContactos.WinPhone", "RedContactos\RedContactos.WinPhone\RedContactos.WinPhone.csproj", "{6BE95704-A74B-417B-928E-5A6422BA770D}"
EndProject
Project("{FAE04EC0-301F-11D3-BF4B-00C04F79EFBC}") = "RedContactos", "RedContactos\RedContactos\RedContactos.csproj", "{70417A24-D778-4973-9EA0-DDCE3D5C0E01}"
EndProject
Project("{FAE04EC0-301F-11D3-BF4B-00C04F79EFBC}") = "MvvmLibrary", "MvvmLibrary\MvvmLibrary.csproj", "{21F65626-6E02-49C0-99A0-DB5FADE8CED2}"
EndProject
Project("{FAE04EC0-301F-11D3-BF4B-00C04F79EFBC}") = "ContactosModel", "ContactosModel\ContactosModel.csproj", "{EBDB8281-0CBD-4F0B-9C85-3B60AC5C10DF}"
EndProject
Global
	GlobalSection(SolutionConfigurationPlatforms) = preSolution
		Ad-Hoc|Any CPU = Ad-Hoc|Any CPU
		Ad-Hoc|ARM = Ad-Hoc|ARM
		Ad-Hoc|iPhone = Ad-Hoc|iPhone
		Ad-Hoc|iPhoneSimulator = Ad-Hoc|iPhoneSimulator
		Ad-Hoc|x86 = Ad-Hoc|x86
		AppStore|Any CPU = AppStore|Any CPU
		AppStore|ARM = AppStore|ARM
		AppStore|iPhone = AppStore|iPhone
		AppStore|iPhoneSimulator = AppStore|iPhoneSimulator
		AppStore|x86 = AppStore|x86
		Debug|Any CPU = Debug|Any CPU
		Debug|ARM = Debug|ARM
		Debug|iPhone = Debug|iPhone
		Debug|iPhoneSimulator = Debug|iPhoneSimulator
		Debug|x86 = Debug|x86
		Release|Any CPU = Release|Any CPU
		Release|ARM = Release|ARM
		Release|iPhone = Release|iPhone
		Release|iPhoneSimulator = Release|iPhoneSimulator
		Release|x86 = Release|x86
	EndGlobalSection
	GlobalSection(ProjectConfigurationPlatforms) = postSolution
		{C8D5A5D4-C8AE-43F5-922D-C7F2BEC47029}.Ad-Hoc|Any CPU.ActiveCfg = Release|Any CPU
		{C8D5A5D4-C8AE-43F5-922D-C7F2BEC47029}.Ad-Hoc|Any CPU.Build.0 = Release|Any CPU
		{C8D5A5D4-C8AE-43F5-922D-C7F2BEC47029}.Ad-Hoc|Any CPU.Deploy.0 = Release|Any CPU
		{C8D5A5D4-C8AE-43F5-922D-C7F2BEC47029}.Ad-Hoc|ARM.ActiveCfg = Release|Any CPU
		{C8D5A5D4-C8AE-43F5-922D-C7F2BEC47029}.Ad-Hoc|ARM.Build.0 = Release|Any CPU
		{C8D5A5D4-C8AE-43F5-922D-C7F2BEC47029}.Ad-Hoc|ARM.Deploy.0 = Release|Any CPU
		{C8D5A5D4-C8AE-43F5-922D-C7F2BEC47029}.Ad-Hoc|iPhone.ActiveCfg = Release|Any CPU
		{C8D5A5D4-C8AE-43F5-922D-C7F2BEC47029}.Ad-Hoc|iPhone.Build.0 = Release|Any CPU
		{C8D5A5D4-C8AE-43F5-922D-C7F2BEC47029}.Ad-Hoc|iPhone.Deploy.0 = Release|Any CPU
		{C8D5A5D4-C8AE-43F5-922D-C7F2BEC47029}.Ad-Hoc|iPhoneSimulator.ActiveCfg = Release|Any CPU
		{C8D5A5D4-C8AE-43F5-922D-C7F2BEC47029}.Ad-Hoc|iPhoneSimulator.Build.0 = Release|Any CPU
		{C8D5A5D4-C8AE-43F5-922D-C7F2BEC47029}.Ad-Hoc|iPhoneSimulator.Deploy.0 = Release|Any CPU
		{C8D5A5D4-C8AE-43F5-922D-C7F2BEC47029}.Ad-Hoc|x86.ActiveCfg = Release|Any CPU
		{C8D5A5D4-C8AE-43F5-922D-C7F2BEC47029}.Ad-Hoc|x86.Build.0 = Release|Any CPU
		{C8D5A5D4-C8AE-43F5-922D-C7F2BEC47029}.Ad-Hoc|x86.Deploy.0 = Release|Any CPU
		{C8D5A5D4-C8AE-43F5-922D-C7F2BEC47029}.AppStore|Any CPU.ActiveCfg = Release|Any CPU
		{C8D5A5D4-C8AE-43F5-922D-C7F2BEC47029}.AppStore|Any CPU.Build.0 = Release|Any CPU
		{C8D5A5D4-C8AE-43F5-922D-C7F2BEC47029}.AppStore|Any CPU.Deploy.0 = Release|Any CPU
		{C8D5A5D4-C8AE-43F5-922D-C7F2BEC47029}.AppStore|ARM.ActiveCfg = Release|Any CPU
		{C8D5A5D4-C8AE-43F5-922D-C7F2BEC47029}.AppStore|ARM.Build.0 = Release|Any CPU
		{C8D5A5D4-C8AE-43F5-922D-C7F2BEC47029}.AppStore|ARM.Deploy.0 = Release|Any CPU
		{C8D5A5D4-C8AE-43F5-922D-C7F2BEC47029}.AppStore|iPhone.ActiveCfg = Release|Any CPU
		{C8D5A5D4-C8AE-43F5-922D-C7F2BEC47029}.AppStore|iPhone.Build.0 = Release|Any CPU
		{C8D5A5D4-C8AE-43F5-922D-C7F2BEC47029}.AppStore|iPhone.Deploy.0 = Release|Any CPU
		{C8D5A5D4-C8AE-43F5-922D-C7F2BEC47029}.AppStore|iPhoneSimulator.ActiveCfg = Release|Any CPU
		{C8D5A5D4-C8AE-43F5-922D-C7F2BEC47029}.AppStore|iPhoneSimulator.Build.0 = Release|Any CPU
		{C8D5A5D4-C8AE-43F5-922D-C7F2BEC47029}.AppStore|iPhoneSimulator.Deploy.0 = Release|Any CPU
		{C8D5A5D4-C8AE-43F5-922D-C7F2BEC47029}.AppStore|x86.ActiveCfg = Release|Any CPU
		{C8D5A5D4-C8AE-43F5-922D-C7F2BEC47029}.AppStore|x86.Build.0 = Release|Any CPU
		{C8D5A5D4-C8AE-43F5-922D-C7F2BEC47029}.AppStore|x86.Deploy.0 = Release|Any CPU
		{C8D5A5D4-C8AE-43F5-922D-C7F2BEC47029}.Debug|Any CPU.ActiveCfg = Debug|Any CPU
		{C8D5A5D4-C8AE-43F5-922D-C7F2BEC47029}.Debug|Any CPU.Build.0 = Debug|Any CPU
		{C8D5A5D4-C8AE-43F5-922D-C7F2BEC47029}.Debug|Any CPU.Deploy.0 = Debug|Any CPU
		{C8D5A5D4-C8AE-43F5-922D-C7F2BEC47029}.Debug|ARM.ActiveCfg = Debug|Any CPU
		{C8D5A5D4-C8AE-43F5-922D-C7F2BEC47029}.Debug|ARM.Build.0 = Debug|Any CPU
		{C8D5A5D4-C8AE-43F5-922D-C7F2BEC47029}.Debug|ARM.Deploy.0 = Debug|Any CPU
		{C8D5A5D4-C8AE-43F5-922D-C7F2BEC47029}.Debug|iPhone.ActiveCfg = Debug|Any CPU
		{C8D5A5D4-C8AE-43F5-922D-C7F2BEC47029}.Debug|iPhone.Build.0 = Debug|Any CPU
		{C8D5A5D4-C8AE-43F5-922D-C7F2BEC47029}.Debug|iPhone.Deploy.0 = Debug|Any CPU
		{C8D5A5D4-C8AE-43F5-922D-C7F2BEC47029}.Debug|iPhoneSimulator.ActiveCfg = Debug|Any CPU
		{C8D5A5D4-C8AE-43F5-922D-C7F2BEC47029}.Debug|iPhoneSimulator.Build.0 = Debug|Any CPU
		{C8D5A5D4-C8AE-43F5-922D-C7F2BEC47029}.Debug|iPhoneSimulator.Deploy.0 = Debug|Any CPU
		{C8D5A5D4-C8AE-43F5-922D-C7F2BEC47029}.Debug|x86.ActiveCfg = Debug|Any CPU
		{C8D5A5D4-C8AE-43F5-922D-C7F2BEC47029}.Debug|x86.Build.0 = Debug|Any CPU
		{C8D5A5D4-C8AE-43F5-922D-C7F2BEC47029}.Debug|x86.Deploy.0 = Debug|Any CPU
		{C8D5A5D4-C8AE-43F5-922D-C7F2BEC47029}.Release|Any CPU.ActiveCfg = Release|Any CPU
		{C8D5A5D4-C8AE-43F5-922D-C7F2BEC47029}.Release|Any CPU.Build.0 = Release|Any CPU
		{C8D5A5D4-C8AE-43F5-922D-C7F2BEC47029}.Release|Any CPU.Deploy.0 = Release|Any CPU
		{C8D5A5D4-C8AE-43F5-922D-C7F2BEC47029}.Release|ARM.ActiveCfg = Release|Any CPU
		{C8D5A5D4-C8AE-43F5-922D-C7F2BEC47029}.Release|ARM.Build.0 = Release|Any CPU
		{C8D5A5D4-C8AE-43F5-922D-C7F2BEC47029}.Release|ARM.Deploy.0 = Release|Any CPU
		{C8D5A5D4-C8AE-43F5-922D-C7F2BEC47029}.Release|iPhone.ActiveCfg = Release|Any CPU
		{C8D5A5D4-C8AE-43F5-922D-C7F2BEC47029}.Release|iPhone.Build.0 = Release|Any CPU
		{C8D5A5D4-C8AE-43F5-922D-C7F2BEC47029}.Release|iPhone.Deploy.0 = Release|Any CPU
		{C8D5A5D4-C8AE-43F5-922D-C7F2BEC47029}.Release|iPhoneSimulator.ActiveCfg = Release|Any CPU
		{C8D5A5D4-C8AE-43F5-922D-C7F2BEC47029}.Release|iPhoneSimulator.Build.0 = Release|Any CPU
		{C8D5A5D4-C8AE-43F5-922D-C7F2BEC47029}.Release|iPhoneSimulator.Deploy.0 = Release|Any CPU
		{C8D5A5D4-C8AE-43F5-922D-C7F2BEC47029}.Release|x86.ActiveCfg = Release|Any CPU
		{C8D5A5D4-C8AE-43F5-922D-C7F2BEC47029}.Release|x86.Build.0 = Release|Any CPU
		{C8D5A5D4-C8AE-43F5-922D-C7F2BEC47029}.Release|x86.Deploy.0 = Release|Any CPU
		{75137918-048B-4250-9CFD-C0303B122DF1}.Ad-Hoc|Any CPU.ActiveCfg = Ad-Hoc|iPhone
		{75137918-048B-4250-9CFD-C0303B122DF1}.Ad-Hoc|ARM.ActiveCfg = Ad-Hoc|iPhone
		{75137918-048B-4250-9CFD-C0303B122DF1}.Ad-Hoc|iPhone.ActiveCfg = Ad-Hoc|iPhone
		{75137918-048B-4250-9CFD-C0303B122DF1}.Ad-Hoc|iPhone.Build.0 = Ad-Hoc|iPhone
		{75137918-048B-4250-9CFD-C0303B122DF1}.Ad-Hoc|iPhoneSimulator.ActiveCfg = Ad-Hoc|iPhoneSimulator
		{75137918-048B-4250-9CFD-C0303B122DF1}.Ad-Hoc|iPhoneSimulator.Build.0 = Ad-Hoc|iPhoneSimulator
		{75137918-048B-4250-9CFD-C0303B122DF1}.Ad-Hoc|x86.ActiveCfg = Ad-Hoc|iPhone
		{75137918-048B-4250-9CFD-C0303B122DF1}.AppStore|Any CPU.ActiveCfg = AppStore|iPhone
		{75137918-048B-4250-9CFD-C0303B122DF1}.AppStore|ARM.ActiveCfg = AppStore|iPhone
		{75137918-048B-4250-9CFD-C0303B122DF1}.AppStore|iPhone.ActiveCfg = AppStore|iPhone
		{75137918-048B-4250-9CFD-C0303B122DF1}.AppStore|iPhone.Build.0 = AppStore|iPhone
		{75137918-048B-4250-9CFD-C0303B122DF1}.AppStore|iPhoneSimulator.ActiveCfg = AppStore|iPhoneSimulator
		{75137918-048B-4250-9CFD-C0303B122DF1}.AppStore|iPhoneSimulator.Build.0 = AppStore|iPhoneSimulator
		{75137918-048B-4250-9CFD-C0303B122DF1}.AppStore|x86.ActiveCfg = AppStore|iPhone
		{75137918-048B-4250-9CFD-C0303B122DF1}.Debug|Any CPU.ActiveCfg = Debug|iPhone
		{75137918-048B-4250-9CFD-C0303B122DF1}.Debug|ARM.ActiveCfg = Debug|iPhone
		{75137918-048B-4250-9CFD-C0303B122DF1}.Debug|iPhone.ActiveCfg = Debug|iPhone
		{75137918-048B-4250-9CFD-C0303B122DF1}.Debug|iPhone.Build.0 = Debug|iPhone
		{75137918-048B-4250-9CFD-C0303B122DF1}.Debug|iPhoneSimulator.ActiveCfg = Debug|iPhoneSimulator
		{75137918-048B-4250-9CFD-C0303B122DF1}.Debug|iPhoneSimulator.Build.0 = Debug|iPhoneSimulator
		{75137918-048B-4250-9CFD-C0303B122DF1}.Debug|x86.ActiveCfg = Debug|iPhone
		{75137918-048B-4250-9CFD-C0303B122DF1}.Release|Any CPU.ActiveCfg = Release|iPhone
		{75137918-048B-4250-9CFD-C0303B122DF1}.Release|ARM.ActiveCfg = Release|iPhone
		{75137918-048B-4250-9CFD-C0303B122DF1}.Release|iPhone.ActiveCfg = Release|iPhone
		{75137918-048B-4250-9CFD-C0303B122DF1}.Release|iPhone.Build.0 = Release|iPhone
		{75137918-048B-4250-9CFD-C0303B122DF1}.Release|iPhoneSimulator.ActiveCfg = Release|iPhoneSimulator
		{75137918-048B-4250-9CFD-C0303B122DF1}.Release|iPhoneSimulator.Build.0 = Release|iPhoneSimulator
		{75137918-048B-4250-9CFD-C0303B122DF1}.Release|x86.ActiveCfg = Release|iPhone
		{6BE95704-A74B-417B-928E-5A6422BA770D}.Ad-Hoc|Any CPU.ActiveCfg = Release|Any CPU
		{6BE95704-A74B-417B-928E-5A6422BA770D}.Ad-Hoc|Any CPU.Build.0 = Release|Any CPU
		{6BE95704-A74B-417B-928E-5A6422BA770D}.Ad-Hoc|Any CPU.Deploy.0 = Release|Any CPU
		{6BE95704-A74B-417B-928E-5A6422BA770D}.Ad-Hoc|ARM.ActiveCfg = Release|ARM
		{6BE95704-A74B-417B-928E-5A6422BA770D}.Ad-Hoc|ARM.Build.0 = Release|ARM
		{6BE95704-A74B-417B-928E-5A6422BA770D}.Ad-Hoc|ARM.Deploy.0 = Release|ARM
		{6BE95704-A74B-417B-928E-5A6422BA770D}.Ad-Hoc|iPhone.ActiveCfg = Release|Any CPU
		{6BE95704-A74B-417B-928E-5A6422BA770D}.Ad-Hoc|iPhone.Build.0 = Release|Any CPU
		{6BE95704-A74B-417B-928E-5A6422BA770D}.Ad-Hoc|iPhone.Deploy.0 = Release|Any CPU
		{6BE95704-A74B-417B-928E-5A6422BA770D}.Ad-Hoc|iPhoneSimulator.ActiveCfg = Release|Any CPU
		{6BE95704-A74B-417B-928E-5A6422BA770D}.Ad-Hoc|iPhoneSimulator.Build.0 = Release|Any CPU
		{6BE95704-A74B-417B-928E-5A6422BA770D}.Ad-Hoc|iPhoneSimulator.Deploy.0 = Release|Any CPU
		{6BE95704-A74B-417B-928E-5A6422BA770D}.Ad-Hoc|x86.ActiveCfg = Release|x86
		{6BE95704-A74B-417B-928E-5A6422BA770D}.Ad-Hoc|x86.Build.0 = Release|x86
		{6BE95704-A74B-417B-928E-5A6422BA770D}.Ad-Hoc|x86.Deploy.0 = Release|x86
		{6BE95704-A74B-417B-928E-5A6422BA770D}.AppStore|Any CPU.ActiveCfg = Release|Any CPU
		{6BE95704-A74B-417B-928E-5A6422BA770D}.AppStore|Any CPU.Build.0 = Release|Any CPU
		{6BE95704-A74B-417B-928E-5A6422BA770D}.AppStore|Any CPU.Deploy.0 = Release|Any CPU
		{6BE95704-A74B-417B-928E-5A6422BA770D}.AppStore|ARM.ActiveCfg = Release|ARM
		{6BE95704-A74B-417B-928E-5A6422BA770D}.AppStore|ARM.Build.0 = Release|ARM
		{6BE95704-A74B-417B-928E-5A6422BA770D}.AppStore|ARM.Deploy.0 = Release|ARM
		{6BE95704-A74B-417B-928E-5A6422BA770D}.AppStore|iPhone.ActiveCfg = Release|Any CPU
		{6BE95704-A74B-417B-928E-5A6422BA770D}.AppStore|iPhone.Build.0 = Release|Any CPU
		{6BE95704-A74B-417B-928E-5A6422BA770D}.AppStore|iPhone.Deploy.0 = Release|Any CPU
		{6BE95704-A74B-417B-928E-5A6422BA770D}.AppStore|iPhoneSimulator.ActiveCfg = Release|Any CPU
		{6BE95704-A74B-417B-928E-5A6422BA770D}.AppStore|iPhoneSimulator.Build.0 = Release|Any CPU
		{6BE95704-A74B-417B-928E-5A6422BA770D}.AppStore|iPhoneSimulator.Deploy.0 = Release|Any CPU
		{6BE95704-A74B-417B-928E-5A6422BA770D}.AppStore|x86.ActiveCfg = Release|x86
		{6BE95704-A74B-417B-928E-5A6422BA770D}.AppStore|x86.Build.0 = Release|x86
		{6BE95704-A74B-417B-928E-5A6422BA770D}.AppStore|x86.Deploy.0 = Release|x86
		{6BE95704-A74B-417B-928E-5A6422BA770D}.Debug|Any CPU.ActiveCfg = Debug|Any CPU
		{6BE95704-A74B-417B-928E-5A6422BA770D}.Debug|Any CPU.Build.0 = Debug|Any CPU
		{6BE95704-A74B-417B-928E-5A6422BA770D}.Debug|Any CPU.Deploy.0 = Debug|Any CPU
		{6BE95704-A74B-417B-928E-5A6422BA770D}.Debug|ARM.ActiveCfg = Debug|ARM
		{6BE95704-A74B-417B-928E-5A6422BA770D}.Debug|ARM.Build.0 = Debug|ARM
		{6BE95704-A74B-417B-928E-5A6422BA770D}.Debug|ARM.Deploy.0 = Debug|ARM
		{6BE95704-A74B-417B-928E-5A6422BA770D}.Debug|iPhone.ActiveCfg = Debug|Any CPU
		{6BE95704-A74B-417B-928E-5A6422BA770D}.Debug|iPhone.Build.0 = Debug|Any CPU
		{6BE95704-A74B-417B-928E-5A6422BA770D}.Debug|iPhone.Deploy.0 = Debug|Any CPU
		{6BE95704-A74B-417B-928E-5A6422BA770D}.Debug|iPhoneSimulator.ActiveCfg = Debug|Any CPU
		{6BE95704-A74B-417B-928E-5A6422BA770D}.Debug|iPhoneSimulator.Build.0 = Debug|Any CPU
		{6BE95704-A74B-417B-928E-5A6422BA770D}.Debug|iPhoneSimulator.Deploy.0 = Debug|Any CPU
		{6BE95704-A74B-417B-928E-5A6422BA770D}.Debug|x86.ActiveCfg = Debug|x86
		{6BE95704-A74B-417B-928E-5A6422BA770D}.Debug|x86.Build.0 = Debug|x86
		{6BE95704-A74B-417B-928E-5A6422BA770D}.Debug|x86.Deploy.0 = Debug|x86
		{6BE95704-A74B-417B-928E-5A6422BA770D}.Release|Any CPU.ActiveCfg = Release|Any CPU
		{6BE95704-A74B-417B-928E-5A6422BA770D}.Release|Any CPU.Build.0 = Release|Any CPU
		{6BE95704-A74B-417B-928E-5A6422BA770D}.Release|Any CPU.Deploy.0 = Release|Any CPU
		{6BE95704-A74B-417B-928E-5A6422BA770D}.Release|ARM.ActiveCfg = Release|ARM
		{6BE95704-A74B-417B-928E-5A6422BA770D}.Release|ARM.Build.0 = Release|ARM
		{6BE95704-A74B-417B-928E-5A6422BA770D}.Release|ARM.Deploy.0 = Release|ARM
		{6BE95704-A74B-417B-928E-5A6422BA770D}.Release|iPhone.ActiveCfg = Release|Any CPU
		{6BE95704-A74B-417B-928E-5A6422BA770D}.Release|iPhone.Build.0 = Release|Any CPU
		{6BE95704-A74B-417B-928E-5A6422BA770D}.Release|iPhone.Deploy.0 = Release|Any CPU
		{6BE95704-A74B-417B-928E-5A6422BA770D}.Release|iPhoneSimulator.ActiveCfg = Release|Any CPU
		{6BE95704-A74B-417B-928E-5A6422BA770D}.Release|iPhoneSimulator.Build.0 = Release|Any CPU
		{6BE95704-A74B-417B-928E-5A6422BA770D}.Release|iPhoneSimulator.Deploy.0 = Release|Any CPU
		{6BE95704-A74B-417B-928E-5A6422BA770D}.Release|x86.ActiveCfg = Release|x86
		{6BE95704-A74B-417B-928E-5A6422BA770D}.Release|x86.Build.0 = Release|x86
		{6BE95704-A74B-417B-928E-5A6422BA770D}.Release|x86.Deploy.0 = Release|x86
		{70417A24-D778-4973-9EA0-DDCE3D5C0E01}.Ad-Hoc|Any CPU.ActiveCfg = Release|Any CPU
		{70417A24-D778-4973-9EA0-DDCE3D5C0E01}.Ad-Hoc|Any CPU.Build.0 = Release|Any CPU
		{70417A24-D778-4973-9EA0-DDCE3D5C0E01}.Ad-Hoc|ARM.ActiveCfg = Release|Any CPU
		{70417A24-D778-4973-9EA0-DDCE3D5C0E01}.Ad-Hoc|ARM.Build.0 = Release|Any CPU
		{70417A24-D778-4973-9EA0-DDCE3D5C0E01}.Ad-Hoc|iPhone.ActiveCfg = Release|Any CPU
		{70417A24-D778-4973-9EA0-DDCE3D5C0E01}.Ad-Hoc|iPhone.Build.0 = Release|Any CPU
		{70417A24-D778-4973-9EA0-DDCE3D5C0E01}.Ad-Hoc|iPhoneSimulator.ActiveCfg = Release|Any CPU
		{70417A24-D778-4973-9EA0-DDCE3D5C0E01}.Ad-Hoc|iPhoneSimulator.Build.0 = Release|Any CPU
		{70417A24-D778-4973-9EA0-DDCE3D5C0E01}.Ad-Hoc|x86.ActiveCfg = Release|Any CPU
		{70417A24-D778-4973-9EA0-DDCE3D5C0E01}.Ad-Hoc|x86.Build.0 = Release|Any CPU
		{70417A24-D778-4973-9EA0-DDCE3D5C0E01}.AppStore|Any CPU.ActiveCfg = Release|Any CPU
		{70417A24-D778-4973-9EA0-DDCE3D5C0E01}.AppStore|Any CPU.Build.0 = Release|Any CPU
		{70417A24-D778-4973-9EA0-DDCE3D5C0E01}.AppStore|ARM.ActiveCfg = Release|Any CPU
		{70417A24-D778-4973-9EA0-DDCE3D5C0E01}.AppStore|ARM.Build.0 = Release|Any CPU
		{70417A24-D778-4973-9EA0-DDCE3D5C0E01}.AppStore|iPhone.ActiveCfg = Release|Any CPU
		{70417A24-D778-4973-9EA0-DDCE3D5C0E01}.AppStore|iPhone.Build.0 = Release|Any CPU
		{70417A24-D778-4973-9EA0-DDCE3D5C0E01}.AppStore|iPhoneSimulator.ActiveCfg = Release|Any CPU
		{70417A24-D778-4973-9EA0-DDCE3D5C0E01}.AppStore|iPhoneSimulator.Build.0 = Release|Any CPU
		{70417A24-D778-4973-9EA0-DDCE3D5C0E01}.AppStore|x86.ActiveCfg = Release|Any CPU
		{70417A24-D778-4973-9EA0-DDCE3D5C0E01}.AppStore|x86.Build.0 = Release|Any CPU
		{70417A24-D778-4973-9EA0-DDCE3D5C0E01}.Debug|Any CPU.ActiveCfg = Debug|Any CPU
		{70417A24-D778-4973-9EA0-DDCE3D5C0E01}.Debug|Any CPU.Build.0 = Debug|Any CPU
		{70417A24-D778-4973-9EA0-DDCE3D5C0E01}.Debug|ARM.ActiveCfg = Debug|Any CPU
		{70417A24-D778-4973-9EA0-DDCE3D5C0E01}.Debug|ARM.Build.0 = Debug|Any CPU
		{70417A24-D778-4973-9EA0-DDCE3D5C0E01}.Debug|iPhone.ActiveCfg = Debug|Any CPU
		{70417A24-D778-4973-9EA0-DDCE3D5C0E01}.Debug|iPhone.Build.0 = Debug|Any CPU
		{70417A24-D778-4973-9EA0-DDCE3D5C0E01}.Debug|iPhoneSimulator.ActiveCfg = Debug|Any CPU
		{70417A24-D778-4973-9EA0-DDCE3D5C0E01}.Debug|iPhoneSimulator.Build.0 = Debug|Any CPU
		{70417A24-D778-4973-9EA0-DDCE3D5C0E01}.Debug|x86.ActiveCfg = Debug|Any CPU
		{70417A24-D778-4973-9EA0-DDCE3D5C0E01}.Debug|x86.Build.0 = Debug|Any CPU
		{70417A24-D778-4973-9EA0-DDCE3D5C0E01}.Release|Any CPU.ActiveCfg = Release|Any CPU
		{70417A24-D778-4973-9EA0-DDCE3D5C0E01}.Release|Any CPU.Build.0 = Release|Any CPU
		{70417A24-D778-4973-9EA0-DDCE3D5C0E01}.Release|ARM.ActiveCfg = Release|Any CPU
		{70417A24-D778-4973-9EA0-DDCE3D5C0E01}.Release|ARM.Build.0 = Release|Any CPU
		{70417A24-D778-4973-9EA0-DDCE3D5C0E01}.Release|iPhone.ActiveCfg = Release|Any CPU
		{70417A24-D778-4973-9EA0-DDCE3D5C0E01}.Release|iPhone.Build.0 = Release|Any CPU
		{70417A24-D778-4973-9EA0-DDCE3D5C0E01}.Release|iPhoneSimulator.ActiveCfg = Release|Any CPU
		{70417A24-D778-4973-9EA0-DDCE3D5C0E01}.Release|iPhoneSimulator.Build.0 = Release|Any CPU
		{70417A24-D778-4973-9EA0-DDCE3D5C0E01}.Release|x86.ActiveCfg = Release|Any CPU
		{70417A24-D778-4973-9EA0-DDCE3D5C0E01}.Release|x86.Build.0 = Release|Any CPU
		{21F65626-6E02-49C0-99A0-DB5FADE8CED2}.Ad-Hoc|Any CPU.ActiveCfg = Release|Any CPU
		{21F65626-6E02-49C0-99A0-DB5FADE8CED2}.Ad-Hoc|Any CPU.Build.0 = Release|Any CPU
		{21F65626-6E02-49C0-99A0-DB5FADE8CED2}.Ad-Hoc|ARM.ActiveCfg = Release|Any CPU
		{21F65626-6E02-49C0-99A0-DB5FADE8CED2}.Ad-Hoc|ARM.Build.0 = Release|Any CPU
		{21F65626-6E02-49C0-99A0-DB5FADE8CED2}.Ad-Hoc|iPhone.ActiveCfg = Release|Any CPU
		{21F65626-6E02-49C0-99A0-DB5FADE8CED2}.Ad-Hoc|iPhone.Build.0 = Release|Any CPU
		{21F65626-6E02-49C0-99A0-DB5FADE8CED2}.Ad-Hoc|iPhoneSimulator.ActiveCfg = Release|Any CPU
		{21F65626-6E02-49C0-99A0-DB5FADE8CED2}.Ad-Hoc|iPhoneSimulator.Build.0 = Release|Any CPU
		{21F65626-6E02-49C0-99A0-DB5FADE8CED2}.Ad-Hoc|x86.ActiveCfg = Release|Any CPU
		{21F65626-6E02-49C0-99A0-DB5FADE8CED2}.Ad-Hoc|x86.Build.0 = Release|Any CPU
		{21F65626-6E02-49C0-99A0-DB5FADE8CED2}.AppStore|Any CPU.ActiveCfg = Release|Any CPU
		{21F65626-6E02-49C0-99A0-DB5FADE8CED2}.AppStore|Any CPU.Build.0 = Release|Any CPU
		{21F65626-6E02-49C0-99A0-DB5FADE8CED2}.AppStore|ARM.ActiveCfg = Release|Any CPU
		{21F65626-6E02-49C0-99A0-DB5FADE8CED2}.AppStore|ARM.Build.0 = Release|Any CPU
		{21F65626-6E02-49C0-99A0-DB5FADE8CED2}.AppStore|iPhone.ActiveCfg = Release|Any CPU
		{21F65626-6E02-49C0-99A0-DB5FADE8CED2}.AppStore|iPhone.Build.0 = Release|Any CPU
		{21F65626-6E02-49C0-99A0-DB5FADE8CED2}.AppStore|iPhoneSimulator.ActiveCfg = Release|Any CPU
		{21F65626-6E02-49C0-99A0-DB5FADE8CED2}.AppStore|iPhoneSimulator.Build.0 = Release|Any CPU
		{21F65626-6E02-49C0-99A0-DB5FADE8CED2}.AppStore|x86.ActiveCfg = Release|Any CPU
		{21F65626-6E02-49C0-99A0-DB5FADE8CED2}.AppStore|x86.Build.0 = Release|Any CPU
		{21F65626-6E02-49C0-99A0-DB5FADE8CED2}.Debug|Any CPU.ActiveCfg = Debug|Any CPU
		{21F65626-6E02-49C0-99A0-DB5FADE8CED2}.Debug|Any CPU.Build.0 = Debug|Any CPU
		{21F65626-6E02-49C0-99A0-DB5FADE8CED2}.Debug|ARM.ActiveCfg = Debug|Any CPU
		{21F65626-6E02-49C0-99A0-DB5FADE8CED2}.Debug|ARM.Build.0 = Debug|Any CPU
		{21F65626-6E02-49C0-99A0-DB5FADE8CED2}.Debug|iPhone.ActiveCfg = Debug|Any CPU
		{21F65626-6E02-49C0-99A0-DB5FADE8CED2}.Debug|iPhone.Build.0 = Debug|Any CPU
		{21F65626-6E02-49C0-99A0-DB5FADE8CED2}.Debug|iPhoneSimulator.ActiveCfg = Debug|Any CPU
		{21F65626-6E02-49C0-99A0-DB5FADE8CED2}.Debug|iPhoneSimulator.Build.0 = Debug|Any CPU
		{21F65626-6E02-49C0-99A0-DB5FADE8CED2}.Debug|x86.ActiveCfg = Debug|Any CPU
		{21F65626-6E02-49C0-99A0-DB5FADE8CED2}.Debug|x86.Build.0 = Debug|Any CPU
		{21F65626-6E02-49C0-99A0-DB5FADE8CED2}.Release|Any CPU.ActiveCfg = Release|Any CPU
		{21F65626-6E02-49C0-99A0-DB5FADE8CED2}.Release|Any CPU.Build.0 = Release|Any CPU
		{21F65626-6E02-49C0-99A0-DB5FADE8CED2}.Release|ARM.ActiveCfg = Release|Any CPU
		{21F65626-6E02-49C0-99A0-DB5FADE8CED2}.Release|ARM.Build.0 = Release|Any CPU
		{21F65626-6E02-49C0-99A0-DB5FADE8CED2}.Release|iPhone.ActiveCfg = Release|Any CPU
		{21F65626-6E02-49C0-99A0-DB5FADE8CED2}.Release|iPhone.Build.0 = Release|Any CPU
		{21F65626-6E02-49C0-99A0-DB5FADE8CED2}.Release|iPhoneSimulator.ActiveCfg = Release|Any CPU
		{21F65626-6E02-49C0-99A0-DB5FADE8CED2}.Release|iPhoneSimulator.Build.0 = Release|Any CPU
		{21F65626-6E02-49C0-99A0-DB5FADE8CED2}.Release|x86.ActiveCfg = Release|Any CPU
		{21F65626-6E02-49C0-99A0-DB5FADE8CED2}.Release|x86.Build.0 = Release|Any CPU
		{EBDB8281-0CBD-4F0B-9C85-3B60AC5C10DF}.Ad-Hoc|Any CPU.ActiveCfg = Release|Any CPU
		{EBDB8281-0CBD-4F0B-9C85-3B60AC5C10DF}.Ad-Hoc|Any CPU.Build.0 = Release|Any CPU
		{EBDB8281-0CBD-4F0B-9C85-3B60AC5C10DF}.Ad-Hoc|ARM.ActiveCfg = Release|Any CPU
		{EBDB8281-0CBD-4F0B-9C85-3B60AC5C10DF}.Ad-Hoc|ARM.Build.0 = Release|Any CPU
		{EBDB8281-0CBD-4F0B-9C85-3B60AC5C10DF}.Ad-Hoc|iPhone.ActiveCfg = Release|Any CPU
		{EBDB8281-0CBD-4F0B-9C85-3B60AC5C10DF}.Ad-Hoc|iPhone.Build.0 = Release|Any CPU
		{EBDB8281-0CBD-4F0B-9C85-3B60AC5C10DF}.Ad-Hoc|iPhoneSimulator.ActiveCfg = Release|Any CPU
		{EBDB8281-0CBD-4F0B-9C85-3B60AC5C10DF}.Ad-Hoc|iPhoneSimulator.Build.0 = Release|Any CPU
		{EBDB8281-0CBD-4F0B-9C85-3B60AC5C10DF}.Ad-Hoc|x86.ActiveCfg = Release|Any CPU
		{EBDB8281-0CBD-4F0B-9C85-3B60AC5C10DF}.Ad-Hoc|x86.Build.0 = Release|Any CPU
		{EBDB8281-0CBD-4F0B-9C85-3B60AC5C10DF}.AppStore|Any CPU.ActiveCfg = Release|Any CPU
		{EBDB8281-0CBD-4F0B-9C85-3B60AC5C10DF}.AppStore|Any CPU.Build.0 = Release|Any CPU
		{EBDB8281-0CBD-4F0B-9C85-3B60AC5C10DF}.AppStore|ARM.ActiveCfg = Release|Any CPU
		{EBDB8281-0CBD-4F0B-9C85-3B60AC5C10DF}.AppStore|ARM.Build.0 = Release|Any CPU
		{EBDB8281-0CBD-4F0B-9C85-3B60AC5C10DF}.AppStore|iPhone.ActiveCfg = Release|Any CPU
		{EBDB8281-0CBD-4F0B-9C85-3B60AC5C10DF}.AppStore|iPhone.Build.0 = Release|Any CPU
		{EBDB8281-0CBD-4F0B-9C85-3B60AC5C10DF}.AppStore|iPhoneSimulator.ActiveCfg = Release|Any CPU
		{EBDB8281-0CBD-4F0B-9C85-3B60AC5C10DF}.AppStore|iPhoneSimulator.Build.0 = Release|Any CPU
		{EBDB8281-0CBD-4F0B-9C85-3B60AC5C10DF}.AppStore|x86.ActiveCfg = Release|Any CPU
		{EBDB8281-0CBD-4F0B-9C85-3B60AC5C10DF}.AppStore|x86.Build.0 = Release|Any CPU
		{EBDB8281-0CBD-4F0B-9C85-3B60AC5C10DF}.Debug|Any CPU.ActiveCfg = Debug|Any CPU
		{EBDB8281-0CBD-4F0B-9C85-3B60AC5C10DF}.Debug|Any CPU.Build.0 = Debug|Any CPU
		{EBDB8281-0CBD-4F0B-9C85-3B60AC5C10DF}.Debug|ARM.ActiveCfg = Debug|Any CPU
		{EBDB8281-0CBD-4F0B-9C85-3B60AC5C10DF}.Debug|ARM.Build.0 = Debug|Any CPU
		{EBDB8281-0CBD-4F0B-9C85-3B60AC5C10DF}.Debug|iPhone.ActiveCfg = Debug|Any CPU
		{EBDB8281-0CBD-4F0B-9C85-3B60AC5C10DF}.Debug|iPhone.Build.0 = Debug|Any CPU
		{EBDB8281-0CBD-4F0B-9C85-3B60AC5C10DF}.Debug|iPhoneSimulator.ActiveCfg = Debug|Any CPU
		{EBDB8281-0CBD-4F0B-9C85-3B60AC5C10DF}.Debug|iPhoneSimulator.Build.0 = Debug|Any CPU
		{EBDB8281-0CBD-4F0B-9C85-3B60AC5C10DF}.Debug|x86.ActiveCfg = Debug|Any CPU
		{EBDB8281-0CBD-4F0B-9C85-3B60AC5C10DF}.Debug|x86.Build.0 = Debug|Any CPU
		{EBDB8281-0CBD-4F0B-9C85-3B60AC5C10DF}.Release|Any CPU.ActiveCfg = Release|Any CPU
		{EBDB8281-0CBD-4F0B-9C85-3B60AC5C10DF}.Release|Any CPU.Build.0 = Release|Any CPU
		{EBDB8281-0CBD-4F0B-9C85-3B60AC5C10DF}.Release|ARM.ActiveCfg = Release|Any CPU
		{EBDB8281-0CBD-4F0B-9C85-3B60AC5C10DF}.Release|ARM.Build.0 = Release|Any CPU
		{EBDB8281-0CBD-4F0B-9C85-3B60AC5C10DF}.Release|iPhone.ActiveCfg = Release|Any CPU
		{EBDB8281-0CBD-4F0B-9C85-3B60AC5C10DF}.Release|iPhone.Build.0 = Release|Any CPU
		{EBDB8281-0CBD-4F0B-9C85-3B60AC5C10DF}.Release|iPhoneSimulator.ActiveCfg = Release|Any CPU
		{EBDB8281-0CBD-4F0B-9C85-3B60AC5C10DF}.Release|iPhoneSimulator.Build.0 = Release|Any CPU
		{EBDB8281-0CBD-4F0B-9C85-3B60AC5C10DF}.Release|x86.ActiveCfg = Release|Any CPU
		{EBDB8281-0CBD-4F0B-9C85-3B60AC5C10DF}.Release|x86.Build.0 = Release|Any CPU
	EndGlobalSection
	GlobalSection(SolutionProperties) = preSolution
		HideSolutionNode = FALSE
	EndGlobalSection
EndGlobal
